
Microsoft Visual Studio Solution File, Format Version 12.00
# Visual Studio Version 16
VisualStudioVersion = 16.0.33423.256
MinimumVisualStudioVersion = 10.0.40219.1
Project("{FAE04EC0-301F-11D3-BF4B-00C04F79EFBC}") = "S.G Barbearia", "S.G Barbearia\S.G Barbearia.csproj", "{21170C46-34D1-4676-8156-110147113A30}"
EndProject
Global
	GlobalSection(SolutionConfigurationPlatforms) = preSolution
		Debug|Any CPU = Debug|Any CPU
		Release|Any CPU = Release|Any CPU
	EndGlobalSection
	GlobalSection(ProjectConfigurationPlatforms) = postSolution
		{21170C46-34D1-4676-8156-110147113A30}.Debug|Any CPU.ActiveCfg = Debug|Any CPU
		{21170C46-34D1-4676-8156-110147113A30}.Debug|Any CPU.Build.0 = Debug|Any CPU
		{21170C46-34D1-4676-8156-110147113A30}.Release|Any CPU.ActiveCfg = Release|Any CPU
		{21170C46-34D1-4676-8156-110147113A30}.Release|Any CPU.Build.0 = Release|Any CPU
	EndGlobalSection
	GlobalSection(SolutionProperties) = preSolution
		HideSolutionNode = FALSE
	EndGlobalSection
	GlobalSection(ExtensibilityGlobals) = postSolution
		SolutionGuid = {81239413-DAF3-4E8D-B411-B959B45D6EE1}
	EndGlobalSection
EndGlobal
